// !$*UTF8*$!
{
	archiveVersion = 1;
	classes = {
	};
	objectVersion = 46;
	objects = {

/* Begin PBXBuildFile section */
		04CA40D21ED2F1AC0056FB02 /* main.m in Sources */ = {isa = PBXBuildFile; fileRef = 04CA40D11ED2F1AC0056FB02 /* main.m */; };
		04CA40D51ED2F1AC0056FB02 /* AppDelegate.m in Sources */ = {isa = PBXBuildFile; fileRef = 04CA40D41ED2F1AC0056FB02 /* AppDelegate.m */; };
		04CA40D81ED2F1AC0056FB02 /* ViewController.m in Sources */ = {isa = PBXBuildFile; fileRef = 04CA40D71ED2F1AC0056FB02 /* ViewController.m */; };
		04CA40DB1ED2F1AC0056FB02 /* Main.storyboard in Resources */ = {isa = PBXBuildFile; fileRef = 04CA40D91ED2F1AC0056FB02 /* Main.storyboard */; };
		04CA40DD1ED2F1AC0056FB02 /* Assets.xcassets in Resources */ = {isa = PBXBuildFile; fileRef = 04CA40DC1ED2F1AC0056FB02 /* Assets.xcassets */; };
		04CA40E01ED2F1AC0056FB02 /* LaunchScreen.storyboard in Resources */ = {isa = PBXBuildFile; fileRef = 04CA40DE1ED2F1AC0056FB02 /* LaunchScreen.storyboard */; };
		04CA40EB1ED2F1AC0056FB02 /* OC___Tests.m in Sources */ = {isa = PBXBuildFile; fileRef = 04CA40EA1ED2F1AC0056FB02 /* OC___Tests.m */; };
		04CA40F71ED2F1CF0056FB02 /* IndextableView.m in Sources */ = {isa = PBXBuildFile; fileRef = 04CA40F61ED2F1CF0056FB02 /* IndextableView.m */; };
		04CA40FA1ED2F1EB0056FB02 /* UIButton+ButtonExtension.m in Sources */ = {isa = PBXBuildFile; fileRef = 04CA40F91ED2F1EB0056FB02 /* UIButton+ButtonExtension.m */; };
		04CA412A1ED2F3880056FB02 /* MJRefreshAutoFooter.m in Sources */ = {isa = PBXBuildFile; fileRef = 04CA40FE1ED2F3880056FB02 /* MJRefreshAutoFooter.m */; };
		04CA412B1ED2F3880056FB02 /* MJRefreshBackFooter.m in Sources */ = {isa = PBXBuildFile; fileRef = 04CA41001ED2F3880056FB02 /* MJRefreshBackFooter.m */; };
		04CA412C1ED2F3880056FB02 /* MJRefreshComponent.m in Sources */ = {isa = PBXBuildFile; fileRef = 04CA41021ED2F3880056FB02 /* MJRefreshComponent.m */; };
		04CA412D1ED2F3880056FB02 /* MJRefreshFooter.m in Sources */ = {isa = PBXBuildFile; fileRef = 04CA41041ED2F3880056FB02 /* MJRefreshFooter.m */; };
		04CA412E1ED2F3880056FB02 /* MJRefreshHeader.m in Sources */ = {isa = PBXBuildFile; fileRef = 04CA41061ED2F3880056FB02 /* MJRefreshHeader.m */; };
		04CA412F1ED2F3880056FB02 /* MJRefreshAutoGifFooter.m in Sources */ = {isa = PBXBuildFile; fileRef = 04CA410B1ED2F3880056FB02 /* MJRefreshAutoGifFooter.m */; };
		04CA41301ED2F3880056FB02 /* MJRefreshAutoNormalFooter.m in Sources */ = {isa = PBXBuildFile; fileRef = 04CA410D1ED2F3880056FB02 /* MJRefreshAutoNormalFooter.m */; };
		04CA41311ED2F3880056FB02 /* MJRefreshAutoStateFooter.m in Sources */ = {isa = PBXBuildFile; fileRef = 04CA410F1ED2F3880056FB02 /* MJRefreshAutoStateFooter.m */; };
		04CA41321ED2F3880056FB02 /* MJRefreshBackGifFooter.m in Sources */ = {isa = PBXBuildFile; fileRef = 04CA41121ED2F3880056FB02 /* MJRefreshBackGifFooter.m */; };
		04CA41331ED2F3880056FB02 /* MJRefreshBackNormalFooter.m in Sources */ = {isa = PBXBuildFile; fileRef = 04CA41141ED2F3880056FB02 /* MJRefreshBackNormalFooter.m */; };
		04CA41341ED2F3880056FB02 /* MJRefreshBackStateFooter.m in Sources */ = {isa = PBXBuildFile; fileRef = 04CA41161ED2F3880056FB02 /* MJRefreshBackStateFooter.m */; };
		04CA41351ED2F3880056FB02 /* MJRefreshGifHeader.m in Sources */ = {isa = PBXBuildFile; fileRef = 04CA41191ED2F3880056FB02 /* MJRefreshGifHeader.m */; };
		04CA41361ED2F3880056FB02 /* MJRefreshNormalHeader.m in Sources */ = {isa = PBXBuildFile; fileRef = 04CA411B1ED2F3880056FB02 /* MJRefreshNormalHeader.m */; };
		04CA41371ED2F3880056FB02 /* MJRefreshStateHeader.m in Sources */ = {isa = PBXBuildFile; fileRef = 04CA411D1ED2F3880056FB02 /* MJRefreshStateHeader.m */; };
		04CA41381ED2F3880056FB02 /* MJRefresh.bundle in Resources */ = {isa = PBXBuildFile; fileRef = 04CA411E1ED2F3880056FB02 /* MJRefresh.bundle */; };
		04CA41391ED2F3880056FB02 /* MJRefreshConst.m in Sources */ = {isa = PBXBuildFile; fileRef = 04CA41211ED2F3880056FB02 /* MJRefreshConst.m */; };
		04CA413A1ED2F3880056FB02 /* NSBundle+MJRefresh.m in Sources */ = {isa = PBXBuildFile; fileRef = 04CA41231ED2F3880056FB02 /* NSBundle+MJRefresh.m */; };
		04CA413B1ED2F3880056FB02 /* UIScrollView+MJExtension.m in Sources */ = {isa = PBXBuildFile; fileRef = 04CA41251ED2F3880056FB02 /* UIScrollView+MJExtension.m */; };
		04CA413C1ED2F3880056FB02 /* UIScrollView+MJRefresh.m in Sources */ = {isa = PBXBuildFile; fileRef = 04CA41271ED2F3880056FB02 /* UIScrollView+MJRefresh.m */; };
		04CA413D1ED2F3880056FB02 /* UIView+MJExtension.m in Sources */ = {isa = PBXBuildFile; fileRef = 04CA41291ED2F3880056FB02 /* UIView+MJExtension.m */; };
/* End PBXBuildFile section */

/* Begin PBXContainerItemProxy section */
		04CA40E71ED2F1AC0056FB02 /* PBXContainerItemProxy */ = {
			isa = PBXContainerItemProxy;
			containerPortal = 04CA40C51ED2F1AC0056FB02 /* Project object */;
			proxyType = 1;
			remoteGlobalIDString = 04CA40CC1ED2F1AC0056FB02;
			remoteInfo = "OC_麻豆";
		};
/* End PBXContainerItemProxy section */

/* Begin PBXFileReference section */
		04CA40CD1ED2F1AC0056FB02 /* OC_麻豆.app */ = {isa = PBXFileReference; explicitFileType = wrapper.application; includeInIndex = 0; path = "OC_麻豆.app"; sourceTree = BUILT_PRODUCTS_DIR; };
		04CA40D11ED2F1AC0056FB02 /* main.m */ = {isa = PBXFileReference; lastKnownFileType = sourcecode.c.objc; path = main.m; sourceTree = "<group>"; };
		04CA40D31ED2F1AC0056FB02 /* AppDelegate.h */ = {isa = PBXFileReference; lastKnownFileType = sourcecode.c.h; path = AppDelegate.h; sourceTree = "<group>"; };
		04CA40D41ED2F1AC0056FB02 /* AppDelegate.m */ = {isa = PBXFileReference; lastKnownFileType = sourcecode.c.objc; path = AppDelegate.m; sourceTree = "<group>"; };
		04CA40D61ED2F1AC0056FB02 /* ViewController.h */ = {isa = PBXFileReference; lastKnownFileType = sourcecode.c.h; path = ViewController.h; sourceTree = "<group>"; };
		04CA40D71ED2F1AC0056FB02 /* ViewController.m */ = {isa = PBXFileReference; lastKnownFileType = sourcecode.c.objc; path = ViewController.m; sourceTree = "<group>"; };
		04CA40DA1ED2F1AC0056FB02 /* Base */ = {isa = PBXFileReference; lastKnownFileType = file.storyboard; name = Base; path = Base.lproj/Main.storyboard; sourceTree = "<group>"; };
		04CA40DC1ED2F1AC0056FB02 /* Assets.xcassets */ = {isa = PBXFileReference; lastKnownFileType = folder.assetcatalog; path = Assets.xcassets; sourceTree = "<group>"; };
		04CA40DF1ED2F1AC0056FB02 /* Base */ = {isa = PBXFileReference; lastKnownFileType = file.storyboard; name = Base; path = Base.lproj/LaunchScreen.storyboard; sourceTree = "<group>"; };
		04CA40E11ED2F1AC0056FB02 /* Info.plist */ = {isa = PBXFileReference; lastKnownFileType = text.plist.xml; path = Info.plist; sourceTree = "<group>"; };
		04CA40E61ED2F1AC0056FB02 /* OC_麻豆Tests.xctest */ = {isa = PBXFileReference; explicitFileType = wrapper.cfbundle; includeInIndex = 0; path = "OC_麻豆Tests.xctest"; sourceTree = BUILT_PRODUCTS_DIR; };
		04CA40EA1ED2F1AC0056FB02 /* OC___Tests.m */ = {isa = PBXFileReference; lastKnownFileType = sourcecode.c.objc; path = "OC___Tests.m"; sourceTree = "<group>"; };
		04CA40EC1ED2F1AC0056FB02 /* Info.plist */ = {isa = PBXFileReference; lastKnownFileType = text.plist.xml; path = Info.plist; sourceTree = "<group>"; };
		04CA40F51ED2F1CF0056FB02 /* IndextableView.h */ = {isa = PBXFileReference; fileEncoding = 4; lastKnownFileType = sourcecode.c.h; path = IndextableView.h; sourceTree = "<group>"; };
		04CA40F61ED2F1CF0056FB02 /* IndextableView.m */ = {isa = PBXFileReference; fileEncoding = 4; lastKnownFileType = sourcecode.c.objc; path = IndextableView.m; sourceTree = "<group>"; };
		04CA40F81ED2F1EB0056FB02 /* UIButton+ButtonExtension.h */ = {isa = PBXFileReference; fileEncoding = 4; lastKnownFileType = sourcecode.c.h; path = "UIButton+ButtonExtension.h"; sourceTree = "<group>"; };
		04CA40F91ED2F1EB0056FB02 /* UIButton+ButtonExtension.m */ = {isa = PBXFileReference; fileEncoding = 4; lastKnownFileType = sourcecode.c.objc; path = "UIButton+ButtonExtension.m"; sourceTree = "<group>"; };
		04CA40FD1ED2F3880056FB02 /* MJRefreshAutoFooter.h */ = {isa = PBXFileReference; fileEncoding = 4; lastKnownFileType = sourcecode.c.h; path = MJRefreshAutoFooter.h; sourceTree = "<group>"; };
		04CA40FE1ED2F3880056FB02 /* MJRefreshAutoFooter.m */ = {isa = PBXFileReference; fileEncoding = 4; lastKnownFileType = sourcecode.c.objc; path = MJRefreshAutoFooter.m; sourceTree = "<group>"; };
		04CA40FF1ED2F3880056FB02 /* MJRefreshBackFooter.h */ = {isa = PBXFileReference; fileEncoding = 4; lastKnownFileType = sourcecode.c.h; path = MJRefreshBackFooter.h; sourceTree = "<group>"; };
		04CA41001ED2F3880056FB02 /* MJRefreshBackFooter.m */ = {isa = PBXFileReference; fileEncoding = 4; lastKnownFileType = sourcecode.c.objc; path = MJRefreshBackFooter.m; sourceTree = "<group>"; };
		04CA41011ED2F3880056FB02 /* MJRefreshComponent.h */ = {isa = PBXFileReference; fileEncoding = 4; lastKnownFileType = sourcecode.c.h; path = MJRefreshComponent.h; sourceTree = "<group>"; };
		04CA41021ED2F3880056FB02 /* MJRefreshComponent.m */ = {isa = PBXFileReference; fileEncoding = 4; lastKnownFileType = sourcecode.c.objc; path = MJRefreshComponent.m; sourceTree = "<group>"; };
		04CA41031ED2F3880056FB02 /* MJRefreshFooter.h */ = {isa = PBXFileReference; fileEncoding = 4; lastKnownFileType = sourcecode.c.h; path = MJRefreshFooter.h; sourceTree = "<group>"; };
		04CA41041ED2F3880056FB02 /* MJRefreshFooter.m */ = {isa = PBXFileReference; fileEncoding = 4; lastKnownFileType = sourcecode.c.objc; path = MJRefreshFooter.m; sourceTree = "<group>"; };
		04CA41051ED2F3880056FB02 /* MJRefreshHeader.h */ = {isa = PBXFileReference; fileEncoding = 4; lastKnownFileType = sourcecode.c.h; path = MJRefreshHeader.h; sourceTree = "<group>"; };
		04CA41061ED2F3880056FB02 /* MJRefreshHeader.m */ = {isa = PBXFileReference; fileEncoding = 4; lastKnownFileType = sourcecode.c.objc; path = MJRefreshHeader.m; sourceTree = "<group>"; };
		04CA410A1ED2F3880056FB02 /* MJRefreshAutoGifFooter.h */ = {isa = PBXFileReference; fileEncoding = 4; lastKnownFileType = sourcecode.c.h; path = MJRefreshAutoGifFooter.h; sourceTree = "<group>"; };
		04CA410B1ED2F3880056FB02 /* MJRefreshAutoGifFooter.m */ = {isa = PBXFileReference; fileEncoding = 4; lastKnownFileType = sourcecode.c.objc; path = MJRefreshAutoGifFooter.m; sourceTree = "<group>"; };
		04CA410C1ED2F3880056FB02 /* MJRefreshAutoNormalFooter.h */ = {isa = PBXFileReference; fileEncoding = 4; lastKnownFileType = sourcecode.c.h; path = MJRefreshAutoNormalFooter.h; sourceTree = "<group>"; };
		04CA410D1ED2F3880056FB02 /* MJRefreshAutoNormalFooter.m */ = {isa = PBXFileReference; fileEncoding = 4; lastKnownFileType = sourcecode.c.objc; path = MJRefreshAutoNormalFooter.m; sourceTree = "<group>"; };
		04CA410E1ED2F3880056FB02 /* MJRefreshAutoStateFooter.h */ = {isa = PBXFileReference; fileEncoding = 4; lastKnownFileType = sourcecode.c.h; path = MJRefreshAutoStateFooter.h; sourceTree = "<group>"; };
		04CA410F1ED2F3880056FB02 /* MJRefreshAutoStateFooter.m */ = {isa = PBXFileReference; fileEncoding = 4; lastKnownFileType = sourcecode.c.objc; path = MJRefreshAutoStateFooter.m; sourceTree = "<group>"; };
		04CA41111ED2F3880056FB02 /* MJRefreshBackGifFooter.h */ = {isa = PBXFileReference; fileEncoding = 4; lastKnownFileType = sourcecode.c.h; path = MJRefreshBackGifFooter.h; sourceTree = "<group>"; };
		04CA41121ED2F3880056FB02 /* MJRefreshBackGifFooter.m */ = {isa = PBXFileReference; fileEncoding = 4; lastKnownFileType = sourcecode.c.objc; path = MJRefreshBackGifFooter.m; sourceTree = "<group>"; };
		04CA41131ED2F3880056FB02 /* MJRefreshBackNormalFooter.h */ = {isa = PBXFileReference; fileEncoding = 4; lastKnownFileType = sourcecode.c.h; path = MJRefreshBackNormalFooter.h; sourceTree = "<group>"; };
		04CA41141ED2F3880056FB02 /* MJRefreshBackNormalFooter.m */ = {isa = PBXFileReference; fileEncoding = 4; lastKnownFileType = sourcecode.c.objc; path = MJRefreshBackNormalFooter.m; sourceTree = "<group>"; };
		04CA41151ED2F3880056FB02 /* MJRefreshBackStateFooter.h */ = {isa = PBXFileReference; fileEncoding = 4; lastKnownFileType = sourcecode.c.h; path = MJRefreshBackStateFooter.h; sourceTree = "<group>"; };
		04CA41161ED2F3880056FB02 /* MJRefreshBackStateFooter.m */ = {isa = PBXFileReference; fileEncoding = 4; lastKnownFileType = sourcecode.c.objc; path = MJRefreshBackStateFooter.m; sourceTree = "<group>"; };
		04CA41181ED2F3880056FB02 /* MJRefreshGifHeader.h */ = {isa = PBXFileReference; fileEncoding = 4; lastKnownFileType = sourcecode.c.h; path = MJRefreshGifHeader.h; sourceTree = "<group>"; };
		04CA41191ED2F3880056FB02 /* MJRefreshGifHeader.m */ = {isa = PBXFileReference; fileEncoding = 4; lastKnownFileType = sourcecode.c.objc; path = MJRefreshGifHeader.m; sourceTree = "<group>"; };
		04CA411A1ED2F3880056FB02 /* MJRefreshNormalHeader.h */ = {isa = PBXFileReference; fileEncoding = 4; lastKnownFileType = sourcecode.c.h; path = MJRefreshNormalHeader.h; sourceTree = "<group>"; };
		04CA411B1ED2F3880056FB02 /* MJRefreshNormalHeader.m */ = {isa = PBXFileReference; fileEncoding = 4; lastKnownFileType = sourcecode.c.objc; path = MJRefreshNormalHeader.m; sourceTree = "<group>"; };
		04CA411C1ED2F3880056FB02 /* MJRefreshStateHeader.h */ = {isa = PBXFileReference; fileEncoding = 4; lastKnownFileType = sourcecode.c.h; path = MJRefreshStateHeader.h; sourceTree = "<group>"; };
		04CA411D1ED2F3880056FB02 /* MJRefreshStateHeader.m */ = {isa = PBXFileReference; fileEncoding = 4; lastKnownFileType = sourcecode.c.objc; path = MJRefreshStateHeader.m; sourceTree = "<group>"; };
		04CA411E1ED2F3880056FB02 /* MJRefresh.bundle */ = {isa = PBXFileReference; lastKnownFileType = "wrapper.plug-in"; path = MJRefresh.bundle; sourceTree = "<group>"; };
		04CA411F1ED2F3880056FB02 /* MJRefresh.h */ = {isa = PBXFileReference; fileEncoding = 4; lastKnownFileType = sourcecode.c.h; path = MJRefresh.h; sourceTree = "<group>"; };
		04CA41201ED2F3880056FB02 /* MJRefreshConst.h */ = {isa = PBXFileReference; fileEncoding = 4; lastKnownFileType = sourcecode.c.h; path = MJRefreshConst.h; sourceTree = "<group>"; };
		04CA41211ED2F3880056FB02 /* MJRefreshConst.m */ = {isa = PBXFileReference; fileEncoding = 4; lastKnownFileType = sourcecode.c.objc; path = MJRefreshConst.m; sourceTree = "<group>"; };
		04CA41221ED2F3880056FB02 /* NSBundle+MJRefresh.h */ = {isa = PBXFileReference; fileEncoding = 4; lastKnownFileType = sourcecode.c.h; path = "NSBundle+MJRefresh.h"; sourceTree = "<group>"; };
		04CA41231ED2F3880056FB02 /* NSBundle+MJRefresh.m */ = {isa = PBXFileReference; fileEncoding = 4; lastKnownFileType = sourcecode.c.objc; path = "NSBundle+MJRefresh.m"; sourceTree = "<group>"; };
		04CA41241ED2F3880056FB02 /* UIScrollView+MJExtension.h */ = {isa = PBXFileReference; fileEncoding = 4; lastKnownFileType = sourcecode.c.h; path = "UIScrollView+MJExtension.h"; sourceTree = "<group>"; };
		04CA41251ED2F3880056FB02 /* UIScrollView+MJExtension.m */ = {isa = PBXFileReference; fileEncoding = 4; lastKnownFileType = sourcecode.c.objc; path = "UIScrollView+MJExtension.m"; sourceTree = "<group>"; };
		04CA41261ED2F3880056FB02 /* UIScrollView+MJRefresh.h */ = {isa = PBXFileReference; fileEncoding = 4; lastKnownFileType = sourcecode.c.h; path = "UIScrollView+MJRefresh.h"; sourceTree = "<group>"; };
		04CA41271ED2F3880056FB02 /* UIScrollView+MJRefresh.m */ = {isa = PBXFileReference; fileEncoding = 4; lastKnownFileType = sourcecode.c.objc; path = "UIScrollView+MJRefresh.m"; sourceTree = "<group>"; };
		04CA41281ED2F3880056FB02 /* UIView+MJExtension.h */ = {isa = PBXFileReference; fileEncoding = 4; lastKnownFileType = sourcecode.c.h; path = "UIView+MJExtension.h"; sourceTree = "<group>"; };
		04CA41291ED2F3880056FB02 /* UIView+MJExtension.m */ = {isa = PBXFileReference; fileEncoding = 4; lastKnownFileType = sourcecode.c.objc; path = "UIView+MJExtension.m"; sourceTree = "<group>"; };
/* End PBXFileReference section */

/* Begin PBXFrameworksBuildPhase section */
		04CA40CA1ED2F1AC0056FB02 /* Frameworks */ = {
			isa = PBXFrameworksBuildPhase;
			buildActionMask = 2147483647;
			files = (
			);
			runOnlyForDeploymentPostprocessing = 0;
		};
		04CA40E31ED2F1AC0056FB02 /* Frameworks */ = {
			isa = PBXFrameworksBuildPhase;
			buildActionMask = 2147483647;
			files = (
			);
			runOnlyForDeploymentPostprocessing = 0;
		};
/* End PBXFrameworksBuildPhase section */

/* Begin PBXGroup section */
		04CA40C41ED2F1AC0056FB02 = {
			isa = PBXGroup;
			children = (
				04CA40CF1ED2F1AC0056FB02 /* OC_麻豆 */,
				04CA40E91ED2F1AC0056FB02 /* OC_麻豆Tests */,
				04CA40CE1ED2F1AC0056FB02 /* Products */,
			);
			sourceTree = "<group>";
		};
		04CA40CE1ED2F1AC0056FB02 /* Products */ = {
			isa = PBXGroup;
			children = (
				04CA40CD1ED2F1AC0056FB02 /* OC_麻豆.app */,
				04CA40E61ED2F1AC0056FB02 /* OC_麻豆Tests.xctest */,
			);
			name = Products;
			sourceTree = "<group>";
		};
		04CA40CF1ED2F1AC0056FB02 /* OC_麻豆 */ = {
			isa = PBXGroup;
			children = (
				04CA40D31ED2F1AC0056FB02 /* AppDelegate.h */,
				04CA40D41ED2F1AC0056FB02 /* AppDelegate.m */,
				04CA40D61ED2F1AC0056FB02 /* ViewController.h */,
				04CA40D71ED2F1AC0056FB02 /* ViewController.m */,
				04CA40F51ED2F1CF0056FB02 /* IndextableView.h */,
				04CA40F61ED2F1CF0056FB02 /* IndextableView.m */,
				04CA40F81ED2F1EB0056FB02 /* UIButton+ButtonExtension.h */,
				04CA40F91ED2F1EB0056FB02 /* UIButton+ButtonExtension.m */,
				04CA40FB1ED2F3880056FB02 /* MJRefresh */,
				04CA40D91ED2F1AC0056FB02 /* Main.storyboard */,
				04CA40DC1ED2F1AC0056FB02 /* Assets.xcassets */,
				04CA40DE1ED2F1AC0056FB02 /* LaunchScreen.storyboard */,
				04CA40E11ED2F1AC0056FB02 /* Info.plist */,
				04CA40D01ED2F1AC0056FB02 /* Supporting Files */,
			);
			path = "OC_麻豆";
			sourceTree = "<group>";
		};
		04CA40D01ED2F1AC0056FB02 /* Supporting Files */ = {
			isa = PBXGroup;
			children = (
				04CA40D11ED2F1AC0056FB02 /* main.m */,
			);
			name = "Supporting Files";
			sourceTree = "<group>";
		};
		04CA40E91ED2F1AC0056FB02 /* OC_麻豆Tests */ = {
			isa = PBXGroup;
			children = (
				04CA40EA1ED2F1AC0056FB02 /* OC___Tests.m */,
				04CA40EC1ED2F1AC0056FB02 /* Info.plist */,
			);
			path = "OC_麻豆Tests";
			sourceTree = "<group>";
		};
		04CA40FB1ED2F3880056FB02 /* MJRefresh */ = {
			isa = PBXGroup;
			children = (
				04CA40FC1ED2F3880056FB02 /* Base */,
				04CA41071ED2F3880056FB02 /* Custom */,
				04CA411E1ED2F3880056FB02 /* MJRefresh.bundle */,
				04CA411F1ED2F3880056FB02 /* MJRefresh.h */,
				04CA41201ED2F3880056FB02 /* MJRefreshConst.h */,
				04CA41211ED2F3880056FB02 /* MJRefreshConst.m */,
				04CA41221ED2F3880056FB02 /* NSBundle+MJRefresh.h */,
				04CA41231ED2F3880056FB02 /* NSBundle+MJRefresh.m */,
				04CA41241ED2F3880056FB02 /* UIScrollView+MJExtension.h */,
				04CA41251ED2F3880056FB02 /* UIScrollView+MJExtension.m */,
				04CA41261ED2F3880056FB02 /* UIScrollView+MJRefresh.h */,
				04CA41271ED2F3880056FB02 /* UIScrollView+MJRefresh.m */,
				04CA41281ED2F3880056FB02 /* UIView+MJExtension.h */,
				04CA41291ED2F3880056FB02 /* UIView+MJExtension.m */,
			);
			path = MJRefresh;
			sourceTree = "<group>";
		};
		04CA40FC1ED2F3880056FB02 /* Base */ = {
			isa = PBXGroup;
			children = (
				04CA40FD1ED2F3880056FB02 /* MJRefreshAutoFooter.h */,
				04CA40FE1ED2F3880056FB02 /* MJRefreshAutoFooter.m */,
				04CA40FF1ED2F3880056FB02 /* MJRefreshBackFooter.h */,
				04CA41001ED2F3880056FB02 /* MJRefreshBackFooter.m */,
				04CA41011ED2F3880056FB02 /* MJRefreshComponent.h */,
				04CA41021ED2F3880056FB02 /* MJRefreshComponent.m */,
				04CA41031ED2F3880056FB02 /* MJRefreshFooter.h */,
				04CA41041ED2F3880056FB02 /* MJRefreshFooter.m */,
				04CA41051ED2F3880056FB02 /* MJRefreshHeader.h */,
				04CA41061ED2F3880056FB02 /* MJRefreshHeader.m */,
			);
			path = Base;
			sourceTree = "<group>";
		};
		04CA41071ED2F3880056FB02 /* Custom */ = {
			isa = PBXGroup;
			children = (
				04CA41081ED2F3880056FB02 /* Footer */,
				04CA41171ED2F3880056FB02 /* Header */,
			);
			path = Custom;
			sourceTree = "<group>";
		};
		04CA41081ED2F3880056FB02 /* Footer */ = {
			isa = PBXGroup;
			children = (
				04CA41091ED2F3880056FB02 /* Auto */,
				04CA41101ED2F3880056FB02 /* Back */,
			);
			path = Footer;
			sourceTree = "<group>";
		};
		04CA41091ED2F3880056FB02 /* Auto */ = {
			isa = PBXGroup;
			children = (
				04CA410A1ED2F3880056FB02 /* MJRefreshAutoGifFooter.h */,
				04CA410B1ED2F3880056FB02 /* MJRefreshAutoGifFooter.m */,
				04CA410C1ED2F3880056FB02 /* MJRefreshAutoNormalFooter.h */,
				04CA410D1ED2F3880056FB02 /* MJRefreshAutoNormalFooter.m */,
				04CA410E1ED2F3880056FB02 /* MJRefreshAutoStateFooter.h */,
				04CA410F1ED2F3880056FB02 /* MJRefreshAutoStateFooter.m */,
			);
			path = Auto;
			sourceTree = "<group>";
		};
		04CA41101ED2F3880056FB02 /* Back */ = {
			isa = PBXGroup;
			children = (
				04CA41111ED2F3880056FB02 /* MJRefreshBackGifFooter.h */,
				04CA41121ED2F3880056FB02 /* MJRefreshBackGifFooter.m */,
				04CA41131ED2F3880056FB02 /* MJRefreshBackNormalFooter.h */,
				04CA41141ED2F3880056FB02 /* MJRefreshBackNormalFooter.m */,
				04CA41151ED2F3880056FB02 /* MJRefreshBackStateFooter.h */,
				04CA41161ED2F3880056FB02 /* MJRefreshBackStateFooter.m */,
			);
			path = Back;
			sourceTree = "<group>";
		};
		04CA41171ED2F3880056FB02 /* Header */ = {
			isa = PBXGroup;
			children = (
				04CA41181ED2F3880056FB02 /* MJRefreshGifHeader.h */,
				04CA41191ED2F3880056FB02 /* MJRefreshGifHeader.m */,
				04CA411A1ED2F3880056FB02 /* MJRefreshNormalHeader.h */,
				04CA411B1ED2F3880056FB02 /* MJRefreshNormalHeader.m */,
				04CA411C1ED2F3880056FB02 /* MJRefreshStateHeader.h */,
				04CA411D1ED2F3880056FB02 /* MJRefreshStateHeader.m */,
			);
			path = Header;
			sourceTree = "<group>";
		};
/* End PBXGroup section */

/* Begin PBXNativeTarget section */
		04CA40CC1ED2F1AC0056FB02 /* OC_麻豆 */ = {
			isa = PBXNativeTarget;
			buildConfigurationList = 04CA40EF1ED2F1AC0056FB02 /* Build configuration list for PBXNativeTarget "OC_麻豆" */;
			buildPhases = (
				04CA40C91ED2F1AC0056FB02 /* Sources */,
				04CA40CA1ED2F1AC0056FB02 /* Frameworks */,
				04CA40CB1ED2F1AC0056FB02 /* Resources */,
			);
			buildRules = (
			);
			dependencies = (
			);
			name = "OC_麻豆";
			productName = "OC_麻豆";
			productReference = 04CA40CD1ED2F1AC0056FB02 /* OC_麻豆.app */;
			productType = "com.apple.product-type.application";
		};
		04CA40E51ED2F1AC0056FB02 /* OC_麻豆Tests */ = {
			isa = PBXNativeTarget;
			buildConfigurationList = 04CA40F21ED2F1AC0056FB02 /* Build configuration list for PBXNativeTarget "OC_麻豆Tests" */;
			buildPhases = (
				04CA40E21ED2F1AC0056FB02 /* Sources */,
				04CA40E31ED2F1AC0056FB02 /* Frameworks */,
				04CA40E41ED2F1AC0056FB02 /* Resources */,
			);
			buildRules = (
			);
			dependencies = (
				04CA40E81ED2F1AC0056FB02 /* PBXTargetDependency */,
			);
			name = "OC_麻豆Tests";
			productName = "OC_麻豆Tests";
			productReference = 04CA40E61ED2F1AC0056FB02 /* OC_麻豆Tests.xctest */;
			productType = "com.apple.product-type.bundle.unit-test";
		};
/* End PBXNativeTarget section */

/* Begin PBXProject section */
		04CA40C51ED2F1AC0056FB02 /* Project object */ = {
			isa = PBXProject;
			attributes = {
				LastUpgradeCheck = 0830;
				ORGANIZATIONNAME = JunMing;
				TargetAttributes = {
					04CA40CC1ED2F1AC0056FB02 = {
						CreatedOnToolsVersion = 8.3;
						DevelopmentTeam = 5ATA948SQL;
						ProvisioningStyle = Automatic;
					};
					04CA40E51ED2F1AC0056FB02 = {
						CreatedOnToolsVersion = 8.3;
						DevelopmentTeam = 5ATA948SQL;
						ProvisioningStyle = Automatic;
						TestTargetID = 04CA40CC1ED2F1AC0056FB02;
					};
				};
			};
			buildConfigurationList = 04CA40C81ED2F1AC0056FB02 /* Build configuration list for PBXProject "OC_麻豆" */;
			compatibilityVersion = "Xcode 3.2";
			developmentRegion = English;
			hasScannedForEncodings = 0;
			knownRegions = (
				en,
				Base,
			);
			mainGroup = 04CA40C41ED2F1AC0056FB02;
			productRefGroup = 04CA40CE1ED2F1AC0056FB02 /* Products */;
			projectDirPath = "";
			projectRoot = "";
			targets = (
				04CA40CC1ED2F1AC0056FB02 /* OC_麻豆 */,
				04CA40E51ED2F1AC0056FB02 /* OC_麻豆Tests */,
			);
		};
/* End PBXProject section */

/* Begin PBXResourcesBuildPhase section */
		04CA40CB1ED2F1AC0056FB02 /* Resources */ = {
			isa = PBXResourcesBuildPhase;
			buildActionMask = 2147483647;
			files = (
				04CA40E01ED2F1AC0056FB02 /* LaunchScreen.storyboard in Resources */,
				04CA40DD1ED2F1AC0056FB02 /* Assets.xcassets in Resources */,
				04CA41381ED2F3880056FB02 /* MJRefresh.bundle in Resources */,
				04CA40DB1ED2F1AC0056FB02 /* Main.storyboard in Resources */,
			);
			runOnlyForDeploymentPostprocessing = 0;
		};
		04CA40E41ED2F1AC0056FB02 /* Resources */ = {
			isa = PBXResourcesBuildPhase;
			buildActionMask = 2147483647;
			files = (
			);
			runOnlyForDeploymentPostprocessing = 0;
		};
/* End PBXResourcesBuildPhase section */

/* Begin PBXSourcesBuildPhase section */
		04CA40C91ED2F1AC0056FB02 /* Sources */ = {
			isa = PBXSourcesBuildPhase;
			buildActionMask = 2147483647;
			files = (
				04CA41361ED2F3880056FB02 /* MJRefreshNormalHeader.m in Sources */,
				04CA413A1ED2F3880056FB02 /* NSBundle+MJRefresh.m in Sources */,
				04CA41371ED2F3880056FB02 /* MJRefreshStateHeader.m in Sources */,
				04CA41351ED2F3880056FB02 /* MJRefreshGifHeader.m in Sources */,
				04CA41331ED2F3880056FB02 /* MJRefreshBackNormalFooter.m in Sources */,
				04CA41391ED2F3880056FB02 /* MJRefreshConst.m in Sources */,
				04CA412C1ED2F3880056FB02 /* MJRefreshComponent.m in Sources */,
				04CA413D1ED2F3880056FB02 /* UIView+MJExtension.m in Sources */,
				04CA412F1ED2F3880056FB02 /* MJRefreshAutoGifFooter.m in Sources */,
				04CA413B1ED2F3880056FB02 /* UIScrollView+MJExtension.m in Sources */,
				04CA412B1ED2F3880056FB02 /* MJRefreshBackFooter.m in Sources */,
				04CA40D81ED2F1AC0056FB02 /* ViewController.m in Sources */,
				04CA40FA1ED2F1EB0056FB02 /* UIButton+ButtonExtension.m in Sources */,
				04CA41301ED2F3880056FB02 /* MJRefreshAutoNormalFooter.m in Sources */,
				04CA40D51ED2F1AC0056FB02 /* AppDelegate.m in Sources */,
				04CA41321ED2F3880056FB02 /* MJRefreshBackGifFooter.m in Sources */,
				04CA412E1ED2F3880056FB02 /* MJRefreshHeader.m in Sources */,
				04CA41311ED2F3880056FB02 /* MJRefreshAutoStateFooter.m in Sources */,
				04CA412D1ED2F3880056FB02 /* MJRefreshFooter.m in Sources */,
				04CA413C1ED2F3880056FB02 /* UIScrollView+MJRefresh.m in Sources */,
				04CA41341ED2F3880056FB02 /* MJRefreshBackStateFooter.m in Sources */,
				04CA40F71ED2F1CF0056FB02 /* IndextableView.m in Sources */,
				04CA412A1ED2F3880056FB02 /* MJRefreshAutoFooter.m in Sources */,
				04CA40D21ED2F1AC0056FB02 /* main.m in Sources */,
			);
			runOnlyForDeploymentPostprocessing = 0;
		};
		04CA40E21ED2F1AC0056FB02 /* Sources */ = {
			isa = PBXSourcesBuildPhase;
			buildActionMask = 2147483647;
			files = (
				04CA40EB1ED2F1AC0056FB02 /* OC___Tests.m in Sources */,
			);
			runOnlyForDeploymentPostprocessing = 0;
		};
/* End PBXSourcesBuildPhase section */

/* Begin PBXTargetDependency section */
		04CA40E81ED2F1AC0056FB02 /* PBXTargetDependency */ = {
			isa = PBXTargetDependency;
			target = 04CA40CC1ED2F1AC0056FB02 /* OC_麻豆 */;
			targetProxy = 04CA40E71ED2F1AC0056FB02 /* PBXContainerItemProxy */;
		};
/* End PBXTargetDependency section */

/* Begin PBXVariantGroup section */
		04CA40D91ED2F1AC0056FB02 /* Main.storyboard */ = {
			isa = PBXVariantGroup;
			children = (
				04CA40DA1ED2F1AC0056FB02 /* Base */,
			);
			name = Main.storyboard;
			sourceTree = "<group>";
		};
		04CA40DE1ED2F1AC0056FB02 /* LaunchScreen.storyboard */ = {
			isa = PBXVariantGroup;
			children = (
				04CA40DF1ED2F1AC0056FB02 /* Base */,
			);
			name = LaunchScreen.storyboard;
			sourceTree = "<group>";
		};
/* End PBXVariantGroup section */

/* Begin XCBuildConfiguration section */
		04CA40ED1ED2F1AC0056FB02 /* Debug */ = {
			isa = XCBuildConfiguration;
			buildSettings = {
				ALWAYS_SEARCH_USER_PATHS = NO;
				CLANG_ANALYZER_NONNULL = YES;
				CLANG_ANALYZER_NUMBER_OBJECT_CONVERSION = YES_AGGRESSIVE;
				CLANG_CXX_LANGUAGE_STANDARD = "gnu++0x";
				CLANG_CXX_LIBRARY = "libc++";
				CLANG_ENABLE_MODULES = YES;
				CLANG_ENABLE_OBJC_ARC = YES;
				CLANG_WARN_BOOL_CONVERSION = YES;
				CLANG_WARN_CONSTANT_CONVERSION = YES;
				CLANG_WARN_DIRECT_OBJC_ISA_USAGE = YES_ERROR;
				CLANG_WARN_DOCUMENTATION_COMMENTS = YES;
				CLANG_WARN_EMPTY_BODY = YES;
				CLANG_WARN_ENUM_CONVERSION = YES;
				CLANG_WARN_INFINITE_RECURSION = YES;
				CLANG_WARN_INT_CONVERSION = YES;
				CLANG_WARN_OBJC_ROOT_CLASS = YES_ERROR;
				CLANG_WARN_SUSPICIOUS_MOVE = YES;
				CLANG_WARN_UNREACHABLE_CODE = YES;
				CLANG_WARN__DUPLICATE_METHOD_MATCH = YES;
				"CODE_SIGN_IDENTITY[sdk=iphoneos*]" = "iPhone Developer";
				COPY_PHASE_STRIP = NO;
				DEBUG_INFORMATION_FORMAT = dwarf;
				ENABLE_STRICT_OBJC_MSGSEND = YES;
				ENABLE_TESTABILITY = YES;
				GCC_C_LANGUAGE_STANDARD = gnu99;
				GCC_DYNAMIC_NO_PIC = NO;
				GCC_NO_COMMON_BLOCKS = YES;
				GCC_OPTIMIZATION_LEVEL = 0;
				GCC_PREPROCESSOR_DEFINITIONS = (
					"DEBUG=1",
					"$(inherited)",
				);
				GCC_WARN_64_TO_32_BIT_CONVERSION = YES;
				GCC_WARN_ABOUT_RETURN_TYPE = YES_ERROR;
				GCC_WARN_UNDECLARED_SELECTOR = YES;
				GCC_WARN_UNINITIALIZED_AUTOS = YES_AGGRESSIVE;
				GCC_WARN_UNUSED_FUNCTION = YES;
				GCC_WARN_UNUSED_VARIABLE = YES;
				IPHONEOS_DEPLOYMENT_TARGET = 10.3;
				MTL_ENABLE_DEBUG_INFO = YES;
				ONLY_ACTIVE_ARCH = YES;
				SDKROOT = iphoneos;
				TARGETED_DEVICE_FAMILY = "1,2";
			};
			name = Debug;
		};
		04CA40EE1ED2F1AC0056FB02 /* Release */ = {
			isa = XCBuildConfiguration;
			buildSettings = {
				ALWAYS_SEARCH_USER_PATHS = NO;
				CLANG_ANALYZER_NONNULL = YES;
				CLANG_ANALYZER_NUMBER_OBJECT_CONVERSION = YES_AGGRESSIVE;
				CLANG_CXX_LANGUAGE_STANDARD = "gnu++0x";
				CLANG_CXX_LIBRARY = "libc++";
				CLANG_ENABLE_MODULES = YES;
				CLANG_ENABLE_OBJC_ARC = YES;
				CLANG_WARN_BOOL_CONVERSION = YES;
				CLANG_WARN_CONSTANT_CONVERSION = YES;
				CLANG_WARN_DIRECT_OBJC_ISA_USAGE = YES_ERROR;
				CLANG_WARN_DOCUMENTATION_COMMENTS = YES;
				CLANG_WARN_EMPTY_BODY = YES;
				CLANG_WARN_ENUM_CONVERSION = YES;
				CLANG_WARN_INFINITE_RECURSION = YES;
				CLANG_WARN_INT_CONVERSION = YES;
				CLANG_WARN_OBJC_ROOT_CLASS = YES_ERROR;
				CLANG_WARN_SUSPICIOUS_MOVE = YES;
				CLANG_WARN_UNREACHABLE_CODE = YES;
				CLANG_WARN__DUPLICATE_METHOD_MATCH = YES;
				"CODE_SIGN_IDENTITY[sdk=iphoneos*]" = "iPhone Developer";
				COPY_PHASE_STRIP = NO;
				DEBUG_INFORMATION_FORMAT = "dwarf-with-dsym";
				ENABLE_NS_ASSERTIONS = NO;
				ENABLE_STRICT_OBJC_MSGSEND = YES;
				GCC_C_LANGUAGE_STANDARD = gnu99;
				GCC_NO_COMMON_BLOCKS = YES;
				GCC_WARN_64_TO_32_BIT_CONVERSION = YES;
				GCC_WARN_ABOUT_RETURN_TYPE = YES_ERROR;
				GCC_WARN_UNDECLARED_SELECTOR = YES;
				GCC_WARN_UNINITIALIZED_AUTOS = YES_AGGRESSIVE;
				GCC_WARN_UNUSED_FUNCTION = YES;
				GCC_WARN_UNUSED_VARIABLE = YES;
				IPHONEOS_DEPLOYMENT_TARGET = 10.3;
				MTL_ENABLE_DEBUG_INFO = NO;
				SDKROOT = iphoneos;
				TARGETED_DEVICE_FAMILY = "1,2";
				VALIDATE_PRODUCT = YES;
			};
			name = Release;
		};
		04CA40F01ED2F1AC0056FB02 /* Debug */ = {
			isa = XCBuildConfiguration;
			buildSettings = {
				ASSETCATALOG_COMPILER_APPICON_NAME = AppIcon;
				DEVELOPMENT_TEAM = 5ATA948SQL;
				INFOPLIST_FILE = "OC_麻豆/Info.plist";
				LD_RUNPATH_SEARCH_PATHS = "$(inherited) @executable_path/Frameworks";
				PRODUCT_BUNDLE_IDENTIFIER = "com.JunMing.OC---";
				PRODUCT_NAME = "$(TARGET_NAME)";
			};
			name = Debug;
		};
		04CA40F11ED2F1AC0056FB02 /* Release */ = {
			isa = XCBuildConfiguration;
			buildSettings = {
				ASSETCATALOG_COMPILER_APPICON_NAME = AppIcon;
				DEVELOPMENT_TEAM = 5ATA948SQL;
				INFOPLIST_FILE = "OC_麻豆/Info.plist";
				LD_RUNPATH_SEARCH_PATHS = "$(inherited) @executable_path/Frameworks";
				PRODUCT_BUNDLE_IDENTIFIER = "com.JunMing.OC---";
				PRODUCT_NAME = "$(TARGET_NAME)";
			};
			name = Release;
		};
		04CA40F31ED2F1AC0056FB02 /* Debug */ = {
			isa = XCBuildConfiguration;
			buildSettings = {
				BUNDLE_LOADER = "$(TEST_HOST)";
				DEVELOPMENT_TEAM = 5ATA948SQL;
				INFOPLIST_FILE = "OC_麻豆Tests/Info.plist";
				LD_RUNPATH_SEARCH_PATHS = "$(inherited) @executable_path/Frameworks @loader_path/Frameworks";
				PRODUCT_BUNDLE_IDENTIFIER = "com.JunMing.OC---Tests";
				PRODUCT_NAME = "$(TARGET_NAME)";
				TEST_HOST = "$(BUILT_PRODUCTS_DIR)/OC_麻豆.app/OC_麻豆";
			};
			name = Debug;
		};
		04CA40F41ED2F1AC0056FB02 /* Release */ = {
			isa = XCBuildConfiguration;
			buildSettings = {
				BUNDLE_LOADER = "$(TEST_HOST)";
				DEVELOPMENT_TEAM = 5ATA948SQL;
				INFOPLIST_FILE = "OC_麻豆Tests/Info.plist";
				LD_RUNPATH_SEARCH_PATHS = "$(inherited) @executable_path/Frameworks @loader_path/Frameworks";
				PRODUCT_BUNDLE_IDENTIFIER = "com.JunMing.OC---Tests";
				PRODUCT_NAME = "$(TARGET_NAME)";
				TEST_HOST = "$(BUILT_PRODUCTS_DIR)/OC_麻豆.app/OC_麻豆";
			};
			name = Release;
		};
/* End XCBuildConfiguration section */

/* Begin XCConfigurationList section */
		04CA40C81ED2F1AC0056FB02 /* Build configuration list for PBXProject "OC_麻豆" */ = {
			isa = XCConfigurationList;
			buildConfigurations = (
				04CA40ED1ED2F1AC0056FB02 /* Debug */,
				04CA40EE1ED2F1AC0056FB02 /* Release */,
			);
			defaultConfigurationIsVisible = 0;
			defaultConfigurationName = Release;
		};
		04CA40EF1ED2F1AC0056FB02 /* Build configuration list for PBXNativeTarget "OC_麻豆" */ = {
			isa = XCConfigurationList;
			buildConfigurations = (
				04CA40F01ED2F1AC0056FB02 /* Debug */,
				04CA40F11ED2F1AC0056FB02 /* Release */,
			);
			defaultConfigurationIsVisible = 0;
		};
		04CA40F21ED2F1AC0056FB02 /* Build configuration list for PBXNativeTarget "OC_麻豆Tests" */ = {
			isa = XCConfigurationList;
			buildConfigurations = (
				04CA40F31ED2F1AC0056FB02 /* Debug */,
				04CA40F41ED2F1AC0056FB02 /* Release */,
			);
			defaultConfigurationIsVisible = 0;
		};
/* End XCConfigurationList section */
	};
	rootObject = 04CA40C51ED2F1AC0056FB02 /* Project object */;
}
